{
  "name": "xml-utils",
  "version": "1.0.4",
  "lockfileVersion": 2,
  "requires": true,
  "packages": {
    "": {
      "name": "xml-utils",
      "version": "1.0.4",
      "license": "CC0-1.0",
      "devDependencies": {
        "flug": "^2.3.1"
      }
    },
    "node_modules/flug": {
      "version": "2.3.1",
      "resolved": "https://registry.npmjs.org/flug/-/flug-2.3.1.tgz",
      "integrity": "sha512-qIjT6U3GtcXpYoH4l9/33UZv0/1pEB13bbHFc7W0UK9Kv+sEb6Z9s+UucHW+Tcn3FENAPphkeGcpeMZBa9UakA==",
      "dev": true
    }
  },
  "dependencies": {
    "flug": {
      "version": "2.3.1",
      "resolved": "https://registry.npmjs.org/flug/-/flug-2.3.1.tgz",
      "integrity": "sha512-qIjT6U3GtcXpYoH4l9/33UZv0/1pEB13bbHFc7W0UK9Kv+sEb6Z9s+UucHW+Tcn3FENAPphkeGcpeMZBa9UakA==",
      "dev": true
    }
  }
}
